
Microsoft Visual Studio Solution File, Format Version 12.00
# Visual Studio Version 17
VisualStudioVersion = 17.11.35312.102
MinimumVisualStudioVersion = 10.0.40219.1
Project("{9A19103F-16F7-4668-BE54-9A1E7A4F7556}") = "WebBlog", "WebBlog\WebBlog.csproj", "{397CF0F0-E153-41BD-8C4E-13D8C15C764A}"
EndProject
Project("{9A19103F-16F7-4668-BE54-9A1E7A4F7556}") = "DbSet", "DbSet\DbSet.csproj", "{05B51E21-42B0-4724-AABA-AEE948DCBC6B}"
EndProject
Global
	GlobalSection(SolutionConfigurationPlatforms) = preSolution
		Debug|Any CPU = Debug|Any CPU
		Release|Any CPU = Release|Any CPU
	EndGlobalSection
	GlobalSection(ProjectConfigurationPlatforms) = postSolution
		{397CF0F0-E153-41BD-8C4E-13D8C15C764A}.Debug|Any CPU.ActiveCfg = Debug|Any CPU
		{397CF0F0-E153-41BD-8C4E-13D8C15C764A}.Debug|Any CPU.Build.0 = Debug|Any CPU
		{397CF0F0-E153-41BD-8C4E-13D8C15C764A}.Release|Any CPU.ActiveCfg = Release|Any CPU
		{397CF0F0-E153-41BD-8C4E-13D8C15C764A}.Release|Any CPU.Build.0 = Release|Any CPU
		{05B51E21-42B0-4724-AABA-AEE948DCBC6B}.Debug|Any CPU.ActiveCfg = Debug|Any CPU
		{05B51E21-42B0-4724-AABA-AEE948DCBC6B}.Debug|Any CPU.Build.0 = Debug|Any CPU
		{05B51E21-42B0-4724-AABA-AEE948DCBC6B}.Release|Any CPU.ActiveCfg = Release|Any CPU
		{05B51E21-42B0-4724-AABA-AEE948DCBC6B}.Release|Any CPU.Build.0 = Release|Any CPU
	EndGlobalSection
	GlobalSection(SolutionProperties) = preSolution
		HideSolutionNode = FALSE
	EndGlobalSection
	GlobalSection(ExtensibilityGlobals) = postSolution
		SolutionGuid = {40522BA4-9E3A-494A-92F9-1BBF3EA25A4B}
	EndGlobalSection
EndGlobal
